
Microsoft Visual Studio Solution File, Format Version 12.00
# Visual Studio Version 17
VisualStudioVersion = 17.14.36221.1 d17.14
MinimumVisualStudioVersion = 10.0.40219.1
Project("{FAE04EC0-301F-11D3-BF4B-00C04F79EFBC}") = "InstituteManagement", "InstituteManagement.csproj", "{62D3D54F-45B8-4DD9-BF6D-CB937C50CCEA}"
EndProject
Global
	GlobalSection(SolutionConfigurationPlatforms) = preSolution
		Debug|Any CPU = Debug|Any CPU
		Release|Any CPU = Release|Any CPU
	EndGlobalSection
	GlobalSection(ProjectConfigurationPlatforms) = postSolution
		{62D3D54F-45B8-4DD9-BF6D-CB937C50CCEA}.Debug|Any CPU.ActiveCfg = Debug|Any CPU
		{62D3D54F-45B8-4DD9-BF6D-CB937C50CCEA}.Debug|Any CPU.Build.0 = Debug|Any CPU
		{62D3D54F-45B8-4DD9-BF6D-CB937C50CCEA}.Release|Any CPU.ActiveCfg = Release|Any CPU
		{62D3D54F-45B8-4DD9-BF6D-CB937C50CCEA}.Release|Any CPU.Build.0 = Release|Any CPU
	EndGlobalSection
	GlobalSection(SolutionProperties) = preSolution
		HideSolutionNode = FALSE
	EndGlobalSection
	GlobalSection(ExtensibilityGlobals) = postSolution
		SolutionGuid = {7F85255B-0DE1-4C62-B1E1-1E14D136813D}
	EndGlobalSection
EndGlobal
